
Microsoft Visual Studio Solution File, Format Version 12.00
# Visual Studio 15
VisualStudioVersion = 15.0.28010.2041
MinimumVisualStudioVersion = 10.0.40219.1
Project("{FAE04EC0-301F-11D3-BF4B-00C04F79EFBC}") = "GameCode", "GameCode\GameCode.csproj", "{9F8F236E-3049-4F68-A967-6E995101CF1A}"
EndProject
Global
	GlobalSection(SolutionConfigurationPlatforms) = preSolution
		Debug|Any CPU = Debug|Any CPU
		Release|Any CPU = Release|Any CPU
	EndGlobalSection
	GlobalSection(ProjectConfigurationPlatforms) = postSolution
		{9F8F236E-3049-4F68-A967-6E995101CF1A}.Debug|Any CPU.ActiveCfg = Debug|Any CPU
		{9F8F236E-3049-4F68-A967-6E995101CF1A}.Debug|Any CPU.Build.0 = Debug|Any CPU
		{9F8F236E-3049-4F68-A967-6E995101CF1A}.Release|Any CPU.ActiveCfg = Release|Any CPU
		{9F8F236E-3049-4F68-A967-6E995101CF1A}.Release|Any CPU.Build.0 = Release|Any CPU
	EndGlobalSection
	GlobalSection(SolutionProperties) = preSolution
		HideSolutionNode = FALSE
	EndGlobalSection
	GlobalSection(ExtensibilityGlobals) = postSolution
		SolutionGuid = {7912279E-B1D8-49FB-B65E-A15A60B44E3A}
	EndGlobalSection
EndGlobal
